// !$*UTF8*$!
{
	archiveVersion = 1;
	classes = {
	};
	objectVersion = 56;
	objects = {

/* Begin PBXBuildFile section */
		EBC72EB02C69BA7900469F48 /* PlayPianoiPadApp.swift in Sources */ = {isa = PBXBuildFile; fileRef = EBC72EAF2C69BA7900469F48 /* PlayPianoiPadApp.swift */; };
		EBC72EB22C69BA7900469F48 /* ContentView.swift in Sources */ = {isa = PBXBuildFile; fileRef = EBC72EB12C69BA7900469F48 /* ContentView.swift */; };
		EBC72EB42C69BA7A00469F48 /* Assets.xcassets in Resources */ = {isa = PBXBuildFile; fileRef = EBC72EB32C69BA7A00469F48 /* Assets.xcassets */; };
		EBC72EB72C69BA7A00469F48 /* Preview Assets.xcassets in Resources */ = {isa = PBXBuildFile; fileRef = EBC72EB62C69BA7A00469F48 /* Preview Assets.xcassets */; };
		EBC72EBE2C69BA9500469F48 /* AudioEngine.swift in Sources */ = {isa = PBXBuildFile; fileRef = EBC72EBD2C69BA9500469F48 /* AudioEngine.swift */; };
		EBC72EC12C69BAA800469F48 /* PianoKeyboard in Frameworks */ = {isa = PBXBuildFile; productRef = EBC72EC02C69BAA800469F48 /* PianoKeyboard */; };
		EBC72EC32C69BABF00469F48 /* soundfont.sf2 in Resources */ = {isa = PBXBuildFile; fileRef = EBC72EC22C69BABF00469F48 /* soundfont.sf2 */; };
/* End PBXBuildFile section */

/* Begin PBXFileReference section */
		EBC72EAC2C69BA7900469F48 /* PlayPianoiPad.app */ = {isa = PBXFileReference; explicitFileType = wrapper.application; includeInIndex = 0; path = PlayPianoiPad.app; sourceTree = BUILT_PRODUCTS_DIR; };
		EBC72EAF2C69BA7900469F48 /* PlayPianoiPadApp.swift */ = {isa = PBXFileReference; lastKnownFileType = sourcecode.swift; path = PlayPianoiPadApp.swift; sourceTree = "<group>"; };
		EBC72EB12C69BA7900469F48 /* ContentView.swift */ = {isa = PBXFileReference; lastKnownFileType = sourcecode.swift; path = ContentView.swift; sourceTree = "<group>"; };
		EBC72EB32C69BA7A00469F48 /* Assets.xcassets */ = {isa = PBXFileReference; lastKnownFileType = folder.assetcatalog; path = Assets.xcassets; sourceTree = "<group>"; };
		EBC72EB62C69BA7A00469F48 /* Preview Assets.xcassets */ = {isa = PBXFileReference; lastKnownFileType = folder.assetcatalog; path = "Preview Assets.xcassets"; sourceTree = "<group>"; };
		EBC72EBD2C69BA9500469F48 /* AudioEngine.swift */ = {isa = PBXFileReference; lastKnownFileType = sourcecode.swift; path = AudioEngine.swift; sourceTree = "<group>"; };
		EBC72EC22C69BABF00469F48 /* soundfont.sf2 */ = {isa = PBXFileReference; lastKnownFileType = file; path = soundfont.sf2; sourceTree = SOURCE_ROOT; };
/* End PBXFileReference section */

/* Begin PBXFrameworksBuildPhase section */
		EBC72EA92C69BA7900469F48 /* Frameworks */ = {
			isa = PBXFrameworksBuildPhase;
			buildActionMask = 2147483647;
			files = (
				EBC72EC12C69BAA800469F48 /* PianoKeyboard in Frameworks */,
			);
			runOnlyForDeploymentPostprocessing = 0;
		};
/* End PBXFrameworksBuildPhase section */

/* Begin PBXGroup section */
		EBC72EA32C69BA7900469F48 = {
			isa = PBXGroup;
			children = (
				EBC72EAE2C69BA7900469F48 /* PlayPianoiPad */,
				EBC72EAD2C69BA7900469F48 /* Products */,
			);
			sourceTree = "<group>";
		};
		EBC72EAD2C69BA7900469F48 /* Products */ = {
			isa = PBXGroup;
			children = (
				EBC72EAC2C69BA7900469F48 /* PlayPianoiPad.app */,
			);
			name = Products;
			sourceTree = "<group>";
		};
		EBC72EAE2C69BA7900469F48 /* PlayPianoiPad */ = {
			isa = PBXGroup;
			children = (
				EBC72EC22C69BABF00469F48 /* soundfont.sf2 */,
				EBC72EAF2C69BA7900469F48 /* PlayPianoiPadApp.swift */,
				EBC72EB12C69BA7900469F48 /* ContentView.swift */,
				EBC72EBD2C69BA9500469F48 /* AudioEngine.swift */,
				EBC72EB32C69BA7A00469F48 /* Assets.xcassets */,
				EBC72EB52C69BA7A00469F48 /* Preview Content */,
			);
			path = PlayPianoiPad;
			sourceTree = "<group>";
		};
		EBC72EB52C69BA7A00469F48 /* Preview Content */ = {
			isa = PBXGroup;
			children = (
				EBC72EB62C69BA7A00469F48 /* Preview Assets.xcassets */,
			);
			path = "Preview Content";
			sourceTree = "<group>";
		};
/* End PBXGroup section */

/* Begin PBXNativeTarget section */
		EBC72EAB2C69BA7900469F48 /* PlayPianoiPad */ = {
			isa = PBXNativeTarget;
			buildConfigurationList = EBC72EBA2C69BA7A00469F48 /* Build configuration list for PBXNativeTarget "PlayPianoiPad" */;
			buildPhases = (
				EBC72EA82C69BA7900469F48 /* Sources */,
				EBC72EA92C69BA7900469F48 /* Frameworks */,
				EBC72EAA2C69BA7900469F48 /* Resources */,
			);
			buildRules = (
			);
			dependencies = (
			);
			name = PlayPianoiPad;
			packageProductDependencies = (
				EBC72EC02C69BAA800469F48 /* PianoKeyboard */,
			);
			productName = PlayPianoiPad;
			productReference = EBC72EAC2C69BA7900469F48 /* PlayPianoiPad.app */;
			productType = "com.apple.product-type.application";
		};
/* End PBXNativeTarget section */

/* Begin PBXProject section */
		EBC72EA42C69BA7900469F48 /* Project object */ = {
			isa = PBXProject;
			attributes = {
				BuildIndependentTargetsInParallel = 1;
				LastSwiftUpdateCheck = 1540;
				LastUpgradeCheck = 1540;
				TargetAttributes = {
					EBC72EAB2C69BA7900469F48 = {
						CreatedOnToolsVersion = 15.4;
					};
				};
			};
			buildConfigurationList = EBC72EA72C69BA7900469F48 /* Build configuration list for PBXProject "PlayPianoiPad" */;
			compatibilityVersion = "Xcode 14.0";
			developmentRegion = en;
			hasScannedForEncodings = 0;
			knownRegions = (
				en,
				Base,
			);
			mainGroup = EBC72EA32C69BA7900469F48;
			packageReferences = (
				EBC72EBF2C69BAA800469F48 /* XCRemoteSwiftPackageReference "PianoKeyboard" */,
			);
			productRefGroup = EBC72EAD2C69BA7900469F48 /* Products */;
			projectDirPath = "";
			projectRoot = "";
			targets = (
				EBC72EAB2C69BA7900469F48 /* PlayPianoiPad */,
			);
		};
/* End PBXProject section */

/* Begin PBXResourcesBuildPhase section */
		EBC72EAA2C69BA7900469F48 /* Resources */ = {
			isa = PBXResourcesBuildPhase;
			buildActionMask = 2147483647;
			files = (
				EBC72EB72C69BA7A00469F48 /* Preview Assets.xcassets in Resources */,
				EBC72EC32C69BABF00469F48 /* soundfont.sf2 in Resources */,
				EBC72EB42C69BA7A00469F48 /* Assets.xcassets in Resources */,
			);
			runOnlyForDeploymentPostprocessing = 0;
		};
/* End PBXResourcesBuildPhase section */

/* Begin PBXSourcesBuildPhase section */
		EBC72EA82C69BA7900469F48 /* Sources */ = {
			isa = PBXSourcesBuildPhase;
			buildActionMask = 2147483647;
			files = (
				EBC72EBE2C69BA9500469F48 /* AudioEngine.swift in Sources */,
				EBC72EB22C69BA7900469F48 /* ContentView.swift in Sources */,
				EBC72EB02C69BA7900469F48 /* PlayPianoiPadApp.swift in Sources */,
			);
			runOnlyForDeploymentPostprocessing = 0;
		};
/* End PBXSourcesBuildPhase section */

/* Begin XCBuildConfiguration section */
		EBC72EB82C69BA7A00469F48 /* Debug */ = {
			isa = XCBuildConfiguration;
			buildSettings = {
				ALWAYS_SEARCH_USER_PATHS = NO;
				ASSETCATALOG_COMPILER_GENERATE_SWIFT_ASSET_SYMBOL_EXTENSIONS = YES;
				CLANG_ANALYZER_NONNULL = YES;
				CLANG_ANALYZER_NUMBER_OBJECT_CONVERSION = YES_AGGRESSIVE;
				CLANG_CXX_LANGUAGE_STANDARD = "gnu++20";
				CLANG_ENABLE_MODULES = YES;
				CLANG_ENABLE_OBJC_ARC = YES;
				CLANG_ENABLE_OBJC_WEAK = YES;
				CLANG_WARN_BLOCK_CAPTURE_AUTORELEASING = YES;
				CLANG_WARN_BOOL_CONVERSION = YES;
				CLANG_WARN_COMMA = YES;
				CLANG_WARN_CONSTANT_CONVERSION = YES;
				CLANG_WARN_DEPRECATED_OBJC_IMPLEMENTATIONS = YES;
				CLANG_WARN_DIRECT_OBJC_ISA_USAGE = YES_ERROR;
				CLANG_WARN_DOCUMENTATION_COMMENTS = YES;
				CLANG_WARN_EMPTY_BODY = YES;
				CLANG_WARN_ENUM_CONVERSION = YES;
				CLANG_WARN_INFINITE_RECURSION = YES;
				CLANG_WARN_INT_CONVERSION = YES;
				CLANG_WARN_NON_LITERAL_NULL_CONVERSION = YES;
				CLANG_WARN_OBJC_IMPLICIT_RETAIN_SELF = YES;
				CLANG_WARN_OBJC_LITERAL_CONVERSION = YES;
				CLANG_WARN_OBJC_ROOT_CLASS = YES_ERROR;
				CLANG_WARN_QUOTED_INCLUDE_IN_FRAMEWORK_HEADER = YES;
				CLANG_WARN_RANGE_LOOP_ANALYSIS = YES;
				CLANG_WARN_STRICT_PROTOTYPES = YES;
				CLANG_WARN_SUSPICIOUS_MOVE = YES;
				CLANG_WARN_UNGUARDED_AVAILABILITY = YES_AGGRESSIVE;
				CLANG_WARN_UNREACHABLE_CODE = YES;
				CLANG_WARN__DUPLICATE_METHOD_MATCH = YES;
				COPY_PHASE_STRIP = NO;
				DEBUG_INFORMATION_FORMAT = dwarf;
				ENABLE_STRICT_OBJC_MSGSEND = YES;
				ENABLE_TESTABILITY = YES;
				ENABLE_USER_SCRIPT_SANDBOXING = YES;
				GCC_C_LANGUAGE_STANDARD = gnu17;
				GCC_DYNAMIC_NO_PIC = NO;
				GCC_NO_COMMON_BLOCKS = YES;
				GCC_OPTIMIZATION_LEVEL = 0;
				GCC_PREPROCESSOR_DEFINITIONS = (
					"DEBUG=1",
					"$(inherited)",
				);
				GCC_WARN_64_TO_32_BIT_CONVERSION = YES;
				GCC_WARN_ABOUT_RETURN_TYPE = YES_ERROR;
				GCC_WARN_UNDECLARED_SELECTOR = YES;
				GCC_WARN_UNINITIALIZED_AUTOS = YES_AGGRESSIVE;
				GCC_WARN_UNUSED_FUNCTION = YES;
				GCC_WARN_UNUSED_VARIABLE = YES;
				IPHONEOS_DEPLOYMENT_TARGET = 17.5;
				LOCALIZATION_PREFERS_STRING_CATALOGS = YES;
				MTL_ENABLE_DEBUG_INFO = INCLUDE_SOURCE;
				MTL_FAST_MATH = YES;
				ONLY_ACTIVE_ARCH = YES;
				SDKROOT = iphoneos;
				SWIFT_ACTIVE_COMPILATION_CONDITIONS = "DEBUG $(inherited)";
				SWIFT_OPTIMIZATION_LEVEL = "-Onone";
			};
			name = Debug;
		};
		EBC72EB92C69BA7A00469F48 /* Release */ = {
			isa = XCBuildConfiguration;
			buildSettings = {
				ALWAYS_SEARCH_USER_PATHS = NO;
				ASSETCATALOG_COMPILER_GENERATE_SWIFT_ASSET_SYMBOL_EXTENSIONS = YES;
				CLANG_ANALYZER_NONNULL = YES;
				CLANG_ANALYZER_NUMBER_OBJECT_CONVERSION = YES_AGGRESSIVE;
				CLANG_CXX_LANGUAGE_STANDARD = "gnu++20";
				CLANG_ENABLE_MODULES = YES;
				CLANG_ENABLE_OBJC_ARC = YES;
				CLANG_ENABLE_OBJC_WEAK = YES;
				CLANG_WARN_BLOCK_CAPTURE_AUTORELEASING = YES;
				CLANG_WARN_BOOL_CONVERSION = YES;
				CLANG_WARN_COMMA = YES;
				CLANG_WARN_CONSTANT_CONVERSION = YES;
				CLANG_WARN_DEPRECATED_OBJC_IMPLEMENTATIONS = YES;
				CLANG_WARN_DIRECT_OBJC_ISA_USAGE = YES_ERROR;
				CLANG_WARN_DOCUMENTATION_COMMENTS = YES;
				CLANG_WARN_EMPTY_BODY = YES;
				CLANG_WARN_ENUM_CONVERSION = YES;
				CLANG_WARN_INFINITE_RECURSION = YES;
				CLANG_WARN_INT_CONVERSION = YES;
				CLANG_WARN_NON_LITERAL_NULL_CONVERSION = YES;
				CLANG_WARN_OBJC_IMPLICIT_RETAIN_SELF = YES;
				CLANG_WARN_OBJC_LITERAL_CONVERSION = YES;
				CLANG_WARN_OBJC_ROOT_CLASS = YES_ERROR;
				CLANG_WARN_QUOTED_INCLUDE_IN_FRAMEWORK_HEADER = YES;
				CLANG_WARN_RANGE_LOOP_ANALYSIS = YES;
				CLANG_WARN_STRICT_PROTOTYPES = YES;
				CLANG_WARN_SUSPICIOUS_MOVE = YES;
				CLANG_WARN_UNGUARDED_AVAILABILITY = YES_AGGRESSIVE;
				CLANG_WARN_UNREACHABLE_CODE = YES;
				CLANG_WARN__DUPLICATE_METHOD_MATCH = YES;
				COPY_PHASE_STRIP = NO;
				DEBUG_INFORMATION_FORMAT = "dwarf-with-dsym";
				ENABLE_NS_ASSERTIONS = NO;
				ENABLE_STRICT_OBJC_MSGSEND = YES;
				ENABLE_USER_SCRIPT_SANDBOXING = YES;
				GCC_C_LANGUAGE_STANDARD = gnu17;
				GCC_NO_COMMON_BLOCKS = YES;
				GCC_WARN_64_TO_32_BIT_CONVERSION = YES;
				GCC_WARN_ABOUT_RETURN_TYPE = YES_ERROR;
				GCC_WARN_UNDECLARED_SELECTOR = YES;
				GCC_WARN_UNINITIALIZED_AUTOS = YES_AGGRESSIVE;
				GCC_WARN_UNUSED_FUNCTION = YES;
				GCC_WARN_UNUSED_VARIABLE = YES;
				IPHONEOS_DEPLOYMENT_TARGET = 17.5;
				LOCALIZATION_PREFERS_STRING_CATALOGS = YES;
				MTL_ENABLE_DEBUG_INFO = NO;
				MTL_FAST_MATH = YES;
				SDKROOT = iphoneos;
				SWIFT_COMPILATION_MODE = wholemodule;
				VALIDATE_PRODUCT = YES;
			};
			name = Release;
		};
		EBC72EBB2C69BA7A00469F48 /* Debug */ = {
			isa = XCBuildConfiguration;
			buildSettings = {
				ASSETCATALOG_COMPILER_APPICON_NAME = AppIcon;
				ASSETCATALOG_COMPILER_GLOBAL_ACCENT_COLOR_NAME = AccentColor;
				CODE_SIGN_STYLE = Automatic;
				CURRENT_PROJECT_VERSION = 1;
				DEVELOPMENT_ASSET_PATHS = "\"PlayPianoiPad/Preview Content\"";
				DEVELOPMENT_TEAM = 5MSJZ52B7G;
				ENABLE_PREVIEWS = YES;
				GENERATE_INFOPLIST_FILE = YES;
				INFOPLIST_KEY_UIApplicationSceneManifest_Generation = YES;
				INFOPLIST_KEY_UIApplicationSupportsIndirectInputEvents = YES;
				INFOPLIST_KEY_UILaunchScreen_Generation = YES;
				INFOPLIST_KEY_UISupportedInterfaceOrientations_iPad = "UIInterfaceOrientationPortrait UIInterfaceOrientationPortraitUpsideDown UIInterfaceOrientationLandscapeLeft UIInterfaceOrientationLandscapeRight";
				INFOPLIST_KEY_UISupportedInterfaceOrientations_iPhone = "UIInterfaceOrientationPortrait UIInterfaceOrientationLandscapeLeft UIInterfaceOrientationLandscapeRight";
				LD_RUNPATH_SEARCH_PATHS = (
					"$(inherited)",
					"@executable_path/Frameworks",
				);
				MARKETING_VERSION = 1.0;
				PRODUCT_BUNDLE_IDENTIFIER = com.github.kanakanho.PlayPianoiPad;
				PRODUCT_NAME = "$(TARGET_NAME)";
				SWIFT_EMIT_LOC_STRINGS = YES;
				SWIFT_VERSION = 5.0;
				TARGETED_DEVICE_FAMILY = "1,2";
			};
			name = Debug;
		};
		EBC72EBC2C69BA7A00469F48 /* Release */ = {
			isa = XCBuildConfiguration;
			buildSettings = {
				ASSETCATALOG_COMPILER_APPICON_NAME = AppIcon;
				ASSETCATALOG_COMPILER_GLOBAL_ACCENT_COLOR_NAME = AccentColor;
				CODE_SIGN_STYLE = Automatic;
				CURRENT_PROJECT_VERSION = 1;
				DEVELOPMENT_ASSET_PATHS = "\"PlayPianoiPad/Preview Content\"";
				DEVELOPMENT_TEAM = 5MSJZ52B7G;
				ENABLE_PREVIEWS = YES;
				GENERATE_INFOPLIST_FILE = YES;
				INFOPLIST_KEY_UIApplicationSceneManifest_Generation = YES;
				INFOPLIST_KEY_UIApplicationSupportsIndirectInputEvents = YES;
				INFOPLIST_KEY_UILaunchScreen_Generation = YES;
				INFOPLIST_KEY_UISupportedInterfaceOrientations_iPad = "UIInterfaceOrientationPortrait UIInterfaceOrientationPortraitUpsideDown UIInterfaceOrientationLandscapeLeft UIInterfaceOrientationLandscapeRight";
				INFOPLIST_KEY_UISupportedInterfaceOrientations_iPhone = "UIInterfaceOrientationPortrait UIInterfaceOrientationLandscapeLeft UIInterfaceOrientationLandscapeRight";
				LD_RUNPATH_SEARCH_PATHS = (
					"$(inherited)",
					"@executable_path/Frameworks",
				);
				MARKETING_VERSION = 1.0;
				PRODUCT_BUNDLE_IDENTIFIER = com.github.kanakanho.PlayPianoiPad;
				PRODUCT_NAME = "$(TARGET_NAME)";
				SWIFT_EMIT_LOC_STRINGS = YES;
				SWIFT_VERSION = 5.0;
				TARGETED_DEVICE_FAMILY = "1,2";
			};
			name = Release;
		};
/* End XCBuildConfiguration section */

/* Begin XCConfigurationList section */
		EBC72EA72C69BA7900469F48 /* Build configuration list for PBXProject "PlayPianoiPad" */ = {
			isa = XCConfigurationList;
			buildConfigurations = (
				EBC72EB82C69BA7A00469F48 /* Debug */,
				EBC72EB92C69BA7A00469F48 /* Release */,
			);
			defaultConfigurationIsVisible = 0;
			defaultConfigurationName = Release;
		};
		EBC72EBA2C69BA7A00469F48 /* Build configuration list for PBXNativeTarget "PlayPianoiPad" */ = {
			isa = XCConfigurationList;
			buildConfigurations = (
				EBC72EBB2C69BA7A00469F48 /* Debug */,
				EBC72EBC2C69BA7A00469F48 /* Release */,
			);
			defaultConfigurationIsVisible = 0;
			defaultConfigurationName = Release;
		};
/* End XCConfigurationList section */

/* Begin XCRemoteSwiftPackageReference section */
		EBC72EBF2C69BAA800469F48 /* XCRemoteSwiftPackageReference "PianoKeyboard" */ = {
			isa = XCRemoteSwiftPackageReference;
			repositoryURL = "https://github.com/garynewby/PianoKeyboard.git";
			requirement = {
				kind = upToNextMajorVersion;
				minimumVersion = 1.2.3;
			};
		};
/* End XCRemoteSwiftPackageReference section */

/* Begin XCSwiftPackageProductDependency section */
		EBC72EC02C69BAA800469F48 /* PianoKeyboard */ = {
			isa = XCSwiftPackageProductDependency;
			package = EBC72EBF2C69BAA800469F48 /* XCRemoteSwiftPackageReference "PianoKeyboard" */;
			productName = PianoKeyboard;
		};
/* End XCSwiftPackageProductDependency section */
	};
	rootObject = EBC72EA42C69BA7900469F48 /* Project object */;
}
